
Microsoft Visual Studio Solution File, Format Version 10.00
# Visual Studio 2008
Project("{8BC9CEB8-8B4A-11D0-8D11-00A0C91BC942}") = "Dementia", "Dementia\Dementia.vcproj", "{33467A60-6ED3-42B1-B0EF-68672838ED35}"
EndProject
Project("{8BC9CEB8-8B4A-11D0-8D11-00A0C91BC942}") = "MemoryzeUM", "MemoryzeUM\MemoryzeUM.vcproj", "{FF367712-1855-4C3F-9D9F-8859912721D1}"
EndProject
Project("{8BC9CEB8-8B4A-11D0-8D11-00A0C91BC942}") = "SymbolHelper", "SymbolHelper\SymbolHelper.vcproj", "{B85570AD-807D-4B93-8426-1A0870FAE593}"
EndProject
Project("{8BC9CEB8-8B4A-11D0-8D11-00A0C91BC942}") = "DementiaKM.WLH", "DementiaKM\DementiaKM.WLH.vcproj", "{7FC4E0E1-A639-4FBA-B62A-98254934616E}"
EndProject
Project("{8BC9CEB8-8B4A-11D0-8D11-00A0C91BC942}") = "DementiaFS.WLH", "DementiaFS\DementiaFS.WLH.vcproj", "{B9940EC0-DAED-4632-86D4-36B7A7D25CB7}"
EndProject
Global
	GlobalSection(SolutionConfigurationPlatforms) = preSolution
		Debug|Win32 = Debug|Win32
		Debug|x64 = Debug|x64
		Release|Win32 = Release|Win32
		Release|x64 = Release|x64
		WLH checked (PREfast)|Win32 = WLH checked (PREfast)|Win32
		WLH checked (PREfast)|x64 = WLH checked (PREfast)|x64
		WLH checked|Win32 = WLH checked|Win32
		WLH checked|x64 = WLH checked|x64
		WLH free|Win32 = WLH free|Win32
		WLH free|x64 = WLH free|x64
		WLH2K checked (PREfast)|Win32 = WLH2K checked (PREfast)|Win32
		WLH2K checked (PREfast)|x64 = WLH2K checked (PREfast)|x64
		WLH2K checked|Win32 = WLH2K checked|Win32
		WLH2K checked|x64 = WLH2K checked|x64
		WLH2K free|Win32 = WLH2K free|Win32
		WLH2K free|x64 = WLH2K free|x64
		WLHNET checked (PREfast)|Win32 = WLHNET checked (PREfast)|Win32
		WLHNET checked (PREfast)|x64 = WLHNET checked (PREfast)|x64
		WLHNET checked|Win32 = WLHNET checked|Win32
		WLHNET checked|x64 = WLHNET checked|x64
		WLHNET free|Win32 = WLHNET free|Win32
		WLHNET free|x64 = WLHNET free|x64
		WLHNETX64 checked (PREfast)|Win32 = WLHNETX64 checked (PREfast)|Win32
		WLHNETX64 checked (PREfast)|x64 = WLHNETX64 checked (PREfast)|x64
		WLHNETX64 checked|Win32 = WLHNETX64 checked|Win32
		WLHNETX64 checked|x64 = WLHNETX64 checked|x64
		WLHNETX64 free|Win32 = WLHNETX64 free|Win32
		WLHNETX64 free|x64 = WLHNETX64 free|x64
		WLHX64 checked (PREfast)|Win32 = WLHX64 checked (PREfast)|Win32
		WLHX64 checked (PREfast)|x64 = WLHX64 checked (PREfast)|x64
		WLHX64 checked|Win32 = WLHX64 checked|Win32
		WLHX64 checked|x64 = WLHX64 checked|x64
		WLHX64 free|Win32 = WLHX64 free|Win32
		WLHX64 free|x64 = WLHX64 free|x64
		WLHXP checked (PREfast)|Win32 = WLHXP checked (PREfast)|Win32
		WLHXP checked (PREfast)|x64 = WLHXP checked (PREfast)|x64
		WLHXP checked|Win32 = WLHXP checked|Win32
		WLHXP checked|x64 = WLHXP checked|x64
		WLHXP free|Win32 = WLHXP free|Win32
		WLHXP free|x64 = WLHXP free|x64
		WNET checked (PREfast)|Win32 = WNET checked (PREfast)|Win32
		WNET checked (PREfast)|x64 = WNET checked (PREfast)|x64
		WNET checked|Win32 = WNET checked|Win32
		WNET checked|x64 = WNET checked|x64
		WNET free|Win32 = WNET free|Win32
		WNET free|x64 = WNET free|x64
		WNET2K checked (PREfast)|Win32 = WNET2K checked (PREfast)|Win32
		WNET2K checked (PREfast)|x64 = WNET2K checked (PREfast)|x64
		WNET2K checked|Win32 = WNET2K checked|Win32
		WNET2K checked|x64 = WNET2K checked|x64
		WNET2K free|Win32 = WNET2K free|Win32
		WNET2K free|x64 = WNET2K free|x64
		WNETXP checked (PREfast)|Win32 = WNETXP checked (PREfast)|Win32
		WNETXP checked (PREfast)|x64 = WNETXP checked (PREfast)|x64
		WNETXP checked|Win32 = WNETXP checked|Win32
		WNETXP checked|x64 = WNETXP checked|x64
		WNETXP free|Win32 = WNETXP free|Win32
		WNETXP free|x64 = WNETXP free|x64
	EndGlobalSection
	GlobalSection(ProjectConfigurationPlatforms) = postSolution
		{33467A60-6ED3-42B1-B0EF-68672838ED35}.Debug|Win32.ActiveCfg = Debug|Win32
		{33467A60-6ED3-42B1-B0EF-68672838ED35}.Debug|Win32.Build.0 = Debug|Win32
		{33467A60-6ED3-42B1-B0EF-68672838ED35}.Debug|x64.ActiveCfg = Debug|x64
		{33467A60-6ED3-42B1-B0EF-68672838ED35}.Debug|x64.Build.0 = Debug|x64
		{33467A60-6ED3-42B1-B0EF-68672838ED35}.Release|Win32.ActiveCfg = Release|Win32
		{33467A60-6ED3-42B1-B0EF-68672838ED35}.Release|Win32.Build.0 = Release|Win32
		{33467A60-6ED3-42B1-B0EF-68672838ED35}.Release|x64.ActiveCfg = Release|x64
		{33467A60-6ED3-42B1-B0EF-68672838ED35}.Release|x64.Build.0 = Release|x64
		{33467A60-6ED3-42B1-B0EF-68672838ED35}.WLH checked (PREfast)|Win32.ActiveCfg = Release|Win32
		{33467A60-6ED3-42B1-B0EF-68672838ED35}.WLH checked (PREfast)|x64.ActiveCfg = Release|x64
		{33467A60-6ED3-42B1-B0EF-68672838ED35}.WLH checked (PREfast)|x64.Build.0 = Release|x64
		{33467A60-6ED3-42B1-B0EF-68672838ED35}.WLH checked|Win32.ActiveCfg = Release|Win32
		{33467A60-6ED3-42B1-B0EF-68672838ED35}.WLH checked|x64.ActiveCfg = Release|x64
		{33467A60-6ED3-42B1-B0EF-68672838ED35}.WLH checked|x64.Build.0 = Release|x64
		{33467A60-6ED3-42B1-B0EF-68672838ED35}.WLH free|Win32.ActiveCfg = Release|Win32
		{33467A60-6ED3-42B1-B0EF-68672838ED35}.WLH free|x64.ActiveCfg = Release|x64
		{33467A60-6ED3-42B1-B0EF-68672838ED35}.WLH free|x64.Build.0 = Release|x64
		{33467A60-6ED3-42B1-B0EF-68672838ED35}.WLH2K checked (PREfast)|Win32.ActiveCfg = Release|Win32
		{33467A60-6ED3-42B1-B0EF-68672838ED35}.WLH2K checked (PREfast)|x64.ActiveCfg = Release|x64
		{33467A60-6ED3-42B1-B0EF-68672838ED35}.WLH2K checked (PREfast)|x64.Build.0 = Release|x64
		{33467A60-6ED3-42B1-B0EF-68672838ED35}.WLH2K checked|Win32.ActiveCfg = Release|Win32
		{33467A60-6ED3-42B1-B0EF-68672838ED35}.WLH2K checked|x64.ActiveCfg = Release|x64
		{33467A60-6ED3-42B1-B0EF-68672838ED35}.WLH2K checked|x64.Build.0 = Release|x64
		{33467A60-6ED3-42B1-B0EF-68672838ED35}.WLH2K free|Win32.ActiveCfg = Release|Win32
		{33467A60-6ED3-42B1-B0EF-68672838ED35}.WLH2K free|x64.ActiveCfg = Release|x64
		{33467A60-6ED3-42B1-B0EF-68672838ED35}.WLH2K free|x64.Build.0 = Release|x64
		{33467A60-6ED3-42B1-B0EF-68672838ED35}.WLHNET checked (PREfast)|Win32.ActiveCfg = Release|Win32
		{33467A60-6ED3-42B1-B0EF-68672838ED35}.WLHNET checked (PREfast)|x64.ActiveCfg = Release|x64
		{33467A60-6ED3-42B1-B0EF-68672838ED35}.WLHNET checked (PREfast)|x64.Build.0 = Release|x64
		{33467A60-6ED3-42B1-B0EF-68672838ED35}.WLHNET checked|Win32.ActiveCfg = Release|Win32
		{33467A60-6ED3-42B1-B0EF-68672838ED35}.WLHNET checked|x64.ActiveCfg = Release|x64
		{33467A60-6ED3-42B1-B0EF-68672838ED35}.WLHNET checked|x64.Build.0 = Release|x64
		{33467A60-6ED3-42B1-B0EF-68672838ED35}.WLHNET free|Win32.ActiveCfg = Release|Win32
		{33467A60-6ED3-42B1-B0EF-68672838ED35}.WLHNET free|x64.ActiveCfg = Release|x64
		{33467A60-6ED3-42B1-B0EF-68672838ED35}.WLHNET free|x64.Build.0 = Release|x64
		{33467A60-6ED3-42B1-B0EF-68672838ED35}.WLHNETX64 checked (PREfast)|Win32.ActiveCfg = Release|x64
		{33467A60-6ED3-42B1-B0EF-68672838ED35}.WLHNETX64 checked (PREfast)|x64.ActiveCfg = Release|x64
		{33467A60-6ED3-42B1-B0EF-68672838ED35}.WLHNETX64 checked (PREfast)|x64.Build.0 = Release|x64
		{33467A60-6ED3-42B1-B0EF-68672838ED35}.WLHNETX64 checked|Win32.ActiveCfg = Release|x64
		{33467A60-6ED3-42B1-B0EF-68672838ED35}.WLHNETX64 checked|x64.ActiveCfg = Release|x64
		{33467A60-6ED3-42B1-B0EF-68672838ED35}.WLHNETX64 checked|x64.Build.0 = Release|x64
		{33467A60-6ED3-42B1-B0EF-68672838ED35}.WLHNETX64 free|Win32.ActiveCfg = Release|x64
		{33467A60-6ED3-42B1-B0EF-68672838ED35}.WLHNETX64 free|x64.ActiveCfg = Release|x64
		{33467A60-6ED3-42B1-B0EF-68672838ED35}.WLHNETX64 free|x64.Build.0 = Release|x64
		{33467A60-6ED3-42B1-B0EF-68672838ED35}.WLHX64 checked (PREfast)|Win32.ActiveCfg = Release|x64
		{33467A60-6ED3-42B1-B0EF-68672838ED35}.WLHX64 checked (PREfast)|x64.ActiveCfg = Release|x64
		{33467A60-6ED3-42B1-B0EF-68672838ED35}.WLHX64 checked (PREfast)|x64.Build.0 = Release|x64
		{33467A60-6ED3-42B1-B0EF-68672838ED35}.WLHX64 checked|Win32.ActiveCfg = Release|x64
		{33467A60-6ED3-42B1-B0EF-68672838ED35}.WLHX64 checked|x64.ActiveCfg = Release|x64
		{33467A60-6ED3-42B1-B0EF-68672838ED35}.WLHX64 checked|x64.Build.0 = Release|x64
		{33467A60-6ED3-42B1-B0EF-68672838ED35}.WLHX64 free|Win32.ActiveCfg = Release|x64
		{33467A60-6ED3-42B1-B0EF-68672838ED35}.WLHX64 free|x64.ActiveCfg = Release|x64
		{33467A60-6ED3-42B1-B0EF-68672838ED35}.WLHX64 free|x64.Build.0 = Release|x64
		{33467A60-6ED3-42B1-B0EF-68672838ED35}.WLHXP checked (PREfast)|Win32.ActiveCfg = Release|Win32
		{33467A60-6ED3-42B1-B0EF-68672838ED35}.WLHXP checked (PREfast)|x64.ActiveCfg = Release|x64
		{33467A60-6ED3-42B1-B0EF-68672838ED35}.WLHXP checked (PREfast)|x64.Build.0 = Release|x64
		{33467A60-6ED3-42B1-B0EF-68672838ED35}.WLHXP checked|Win32.ActiveCfg = Release|Win32
		{33467A60-6ED3-42B1-B0EF-68672838ED35}.WLHXP checked|x64.ActiveCfg = Release|x64
		{33467A60-6ED3-42B1-B0EF-68672838ED35}.WLHXP checked|x64.Build.0 = Release|x64
		{33467A60-6ED3-42B1-B0EF-68672838ED35}.WLHXP free|Win32.ActiveCfg = Release|Win32
		{33467A60-6ED3-42B1-B0EF-68672838ED35}.WLHXP free|x64.ActiveCfg = Release|x64
		{33467A60-6ED3-42B1-B0EF-68672838ED35}.WLHXP free|x64.Build.0 = Release|x64
		{33467A60-6ED3-42B1-B0EF-68672838ED35}.WNET checked (PREfast)|Win32.ActiveCfg = Release|Win32
		{33467A60-6ED3-42B1-B0EF-68672838ED35}.WNET checked (PREfast)|x64.ActiveCfg = Release|x64
		{33467A60-6ED3-42B1-B0EF-68672838ED35}.WNET checked (PREfast)|x64.Build.0 = Release|x64
		{33467A60-6ED3-42B1-B0EF-68672838ED35}.WNET checked|Win32.ActiveCfg = Release|Win32
		{33467A60-6ED3-42B1-B0EF-68672838ED35}.WNET checked|x64.ActiveCfg = Release|x64
		{33467A60-6ED3-42B1-B0EF-68672838ED35}.WNET checked|x64.Build.0 = Release|x64
		{33467A60-6ED3-42B1-B0EF-68672838ED35}.WNET free|Win32.ActiveCfg = Release|Win32
		{33467A60-6ED3-42B1-B0EF-68672838ED35}.WNET free|x64.ActiveCfg = Release|x64
		{33467A60-6ED3-42B1-B0EF-68672838ED35}.WNET free|x64.Build.0 = Release|x64
		{33467A60-6ED3-42B1-B0EF-68672838ED35}.WNET2K checked (PREfast)|Win32.ActiveCfg = Release|Win32
		{33467A60-6ED3-42B1-B0EF-68672838ED35}.WNET2K checked (PREfast)|x64.ActiveCfg = Release|x64
		{33467A60-6ED3-42B1-B0EF-68672838ED35}.WNET2K checked (PREfast)|x64.Build.0 = Release|x64
		{33467A60-6ED3-42B1-B0EF-68672838ED35}.WNET2K checked|Win32.ActiveCfg = Release|Win32
		{33467A60-6ED3-42B1-B0EF-68672838ED35}.WNET2K checked|x64.ActiveCfg = Release|x64
		{33467A60-6ED3-42B1-B0EF-68672838ED35}.WNET2K checked|x64.Build.0 = Release|x64
		{33467A60-6ED3-42B1-B0EF-68672838ED35}.WNET2K free|Win32.ActiveCfg = Release|Win32
		{33467A60-6ED3-42B1-B0EF-68672838ED35}.WNET2K free|x64.ActiveCfg = Release|x64
		{33467A60-6ED3-42B1-B0EF-68672838ED35}.WNET2K free|x64.Build.0 = Release|x64
		{33467A60-6ED3-42B1-B0EF-68672838ED35}.WNETXP checked (PREfast)|Win32.ActiveCfg = Release|Win32
		{33467A60-6ED3-42B1-B0EF-68672838ED35}.WNETXP checked (PREfast)|x64.ActiveCfg = Release|x64
		{33467A60-6ED3-42B1-B0EF-68672838ED35}.WNETXP checked (PREfast)|x64.Build.0 = Release|x64
		{33467A60-6ED3-42B1-B0EF-68672838ED35}.WNETXP checked|Win32.ActiveCfg = Release|Win32
		{33467A60-6ED3-42B1-B0EF-68672838ED35}.WNETXP checked|x64.ActiveCfg = Release|x64
		{33467A60-6ED3-42B1-B0EF-68672838ED35}.WNETXP checked|x64.Build.0 = Release|x64
		{33467A60-6ED3-42B1-B0EF-68672838ED35}.WNETXP free|Win32.ActiveCfg = Release|Win32
		{33467A60-6ED3-42B1-B0EF-68672838ED35}.WNETXP free|x64.ActiveCfg = Release|x64
		{33467A60-6ED3-42B1-B0EF-68672838ED35}.WNETXP free|x64.Build.0 = Release|x64
		{FF367712-1855-4C3F-9D9F-8859912721D1}.Debug|Win32.ActiveCfg = Debug|Win32
		{FF367712-1855-4C3F-9D9F-8859912721D1}.Debug|Win32.Build.0 = Debug|Win32
		{FF367712-1855-4C3F-9D9F-8859912721D1}.Debug|x64.ActiveCfg = Debug|x64
		{FF367712-1855-4C3F-9D9F-8859912721D1}.Debug|x64.Build.0 = Debug|x64
		{FF367712-1855-4C3F-9D9F-8859912721D1}.Release|Win32.ActiveCfg = Release|Win32
		{FF367712-1855-4C3F-9D9F-8859912721D1}.Release|Win32.Build.0 = Release|Win32
		{FF367712-1855-4C3F-9D9F-8859912721D1}.Release|x64.ActiveCfg = Release|x64
		{FF367712-1855-4C3F-9D9F-8859912721D1}.Release|x64.Build.0 = Release|x64
		{FF367712-1855-4C3F-9D9F-8859912721D1}.WLH checked (PREfast)|Win32.ActiveCfg = Release|Win32
		{FF367712-1855-4C3F-9D9F-8859912721D1}.WLH checked (PREfast)|Win32.Build.0 = Release|Win32
		{FF367712-1855-4C3F-9D9F-8859912721D1}.WLH checked (PREfast)|x64.ActiveCfg = Release|x64
		{FF367712-1855-4C3F-9D9F-8859912721D1}.WLH checked (PREfast)|x64.Build.0 = Release|x64
		{FF367712-1855-4C3F-9D9F-8859912721D1}.WLH checked|Win32.ActiveCfg = Release|Win32
		{FF367712-1855-4C3F-9D9F-8859912721D1}.WLH checked|Win32.Build.0 = Release|Win32
		{FF367712-1855-4C3F-9D9F-8859912721D1}.WLH checked|x64.ActiveCfg = Release|x64
		{FF367712-1855-4C3F-9D9F-8859912721D1}.WLH checked|x64.Build.0 = Release|x64
		{FF367712-1855-4C3F-9D9F-8859912721D1}.WLH free|Win32.ActiveCfg = Release|Win32
		{FF367712-1855-4C3F-9D9F-8859912721D1}.WLH free|Win32.Build.0 = Release|Win32
		{FF367712-1855-4C3F-9D9F-8859912721D1}.WLH free|x64.ActiveCfg = Release|x64
		{FF367712-1855-4C3F-9D9F-8859912721D1}.WLH free|x64.Build.0 = Release|x64
		{FF367712-1855-4C3F-9D9F-8859912721D1}.WLH2K checked (PREfast)|Win32.ActiveCfg = Release|Win32
		{FF367712-1855-4C3F-9D9F-8859912721D1}.WLH2K checked (PREfast)|Win32.Build.0 = Release|Win32
		{FF367712-1855-4C3F-9D9F-8859912721D1}.WLH2K checked (PREfast)|x64.ActiveCfg = Release|x64
		{FF367712-1855-4C3F-9D9F-8859912721D1}.WLH2K checked (PREfast)|x64.Build.0 = Release|x64
		{FF367712-1855-4C3F-9D9F-8859912721D1}.WLH2K checked|Win32.ActiveCfg = Release|Win32
		{FF367712-1855-4C3F-9D9F-8859912721D1}.WLH2K checked|Win32.Build.0 = Release|Win32
		{FF367712-1855-4C3F-9D9F-8859912721D1}.WLH2K checked|x64.ActiveCfg = Release|x64
		{FF367712-1855-4C3F-9D9F-8859912721D1}.WLH2K checked|x64.Build.0 = Release|x64
		{FF367712-1855-4C3F-9D9F-8859912721D1}.WLH2K free|Win32.ActiveCfg = Release|Win32
		{FF367712-1855-4C3F-9D9F-8859912721D1}.WLH2K free|Win32.Build.0 = Release|Win32
		{FF367712-1855-4C3F-9D9F-8859912721D1}.WLH2K free|x64.ActiveCfg = Release|x64
		{FF367712-1855-4C3F-9D9F-8859912721D1}.WLH2K free|x64.Build.0 = Release|x64
		{FF367712-1855-4C3F-9D9F-8859912721D1}.WLHNET checked (PREfast)|Win32.ActiveCfg = Release|Win32
		{FF367712-1855-4C3F-9D9F-8859912721D1}.WLHNET checked (PREfast)|Win32.Build.0 = Release|Win32
		{FF367712-1855-4C3F-9D9F-8859912721D1}.WLHNET checked (PREfast)|x64.ActiveCfg = Release|x64
		{FF367712-1855-4C3F-9D9F-8859912721D1}.WLHNET checked (PREfast)|x64.Build.0 = Release|x64
		{FF367712-1855-4C3F-9D9F-8859912721D1}.WLHNET checked|Win32.ActiveCfg = Release|Win32
		{FF367712-1855-4C3F-9D9F-8859912721D1}.WLHNET checked|Win32.Build.0 = Release|Win32
		{FF367712-1855-4C3F-9D9F-8859912721D1}.WLHNET checked|x64.ActiveCfg = Release|x64
		{FF367712-1855-4C3F-9D9F-8859912721D1}.WLHNET checked|x64.Build.0 = Release|x64
		{FF367712-1855-4C3F-9D9F-8859912721D1}.WLHNET free|Win32.ActiveCfg = Release|Win32
		{FF367712-1855-4C3F-9D9F-8859912721D1}.WLHNET free|Win32.Build.0 = Release|Win32
		{FF367712-1855-4C3F-9D9F-8859912721D1}.WLHNET free|x64.ActiveCfg = Release|x64
		{FF367712-1855-4C3F-9D9F-8859912721D1}.WLHNET free|x64.Build.0 = Release|x64
		{FF367712-1855-4C3F-9D9F-8859912721D1}.WLHNETX64 checked (PREfast)|Win32.ActiveCfg = Release|x64
		{FF367712-1855-4C3F-9D9F-8859912721D1}.WLHNETX64 checked (PREfast)|x64.ActiveCfg = Release|x64
		{FF367712-1855-4C3F-9D9F-8859912721D1}.WLHNETX64 checked (PREfast)|x64.Build.0 = Release|x64
		{FF367712-1855-4C3F-9D9F-8859912721D1}.WLHNETX64 checked|Win32.ActiveCfg = Release|x64
		{FF367712-1855-4C3F-9D9F-8859912721D1}.WLHNETX64 checked|x64.ActiveCfg = Release|x64
		{FF367712-1855-4C3F-9D9F-8859912721D1}.WLHNETX64 checked|x64.Build.0 = Release|x64
		{FF367712-1855-4C3F-9D9F-8859912721D1}.WLHNETX64 free|Win32.ActiveCfg = Release|x64
		{FF367712-1855-4C3F-9D9F-8859912721D1}.WLHNETX64 free|x64.ActiveCfg = Release|x64
		{FF367712-1855-4C3F-9D9F-8859912721D1}.WLHNETX64 free|x64.Build.0 = Release|x64
		{FF367712-1855-4C3F-9D9F-8859912721D1}.WLHX64 checked (PREfast)|Win32.ActiveCfg = Release|x64
		{FF367712-1855-4C3F-9D9F-8859912721D1}.WLHX64 checked (PREfast)|x64.ActiveCfg = Release|x64
		{FF367712-1855-4C3F-9D9F-8859912721D1}.WLHX64 checked (PREfast)|x64.Build.0 = Release|x64
		{FF367712-1855-4C3F-9D9F-8859912721D1}.WLHX64 checked|Win32.ActiveCfg = Release|x64
		{FF367712-1855-4C3F-9D9F-8859912721D1}.WLHX64 checked|x64.ActiveCfg = Release|x64
		{FF367712-1855-4C3F-9D9F-8859912721D1}.WLHX64 checked|x64.Build.0 = Release|x64
		{FF367712-1855-4C3F-9D9F-8859912721D1}.WLHX64 free|Win32.ActiveCfg = Release|x64
		{FF367712-1855-4C3F-9D9F-8859912721D1}.WLHX64 free|x64.ActiveCfg = Release|x64
		{FF367712-1855-4C3F-9D9F-8859912721D1}.WLHX64 free|x64.Build.0 = Release|x64
		{FF367712-1855-4C3F-9D9F-8859912721D1}.WLHXP checked (PREfast)|Win32.ActiveCfg = Release|Win32
		{FF367712-1855-4C3F-9D9F-8859912721D1}.WLHXP checked (PREfast)|Win32.Build.0 = Release|Win32
		{FF367712-1855-4C3F-9D9F-8859912721D1}.WLHXP checked (PREfast)|x64.ActiveCfg = Release|x64
		{FF367712-1855-4C3F-9D9F-8859912721D1}.WLHXP checked (PREfast)|x64.Build.0 = Release|x64
		{FF367712-1855-4C3F-9D9F-8859912721D1}.WLHXP checked|Win32.ActiveCfg = Release|Win32
		{FF367712-1855-4C3F-9D9F-8859912721D1}.WLHXP checked|Win32.Build.0 = Release|Win32
		{FF367712-1855-4C3F-9D9F-8859912721D1}.WLHXP checked|x64.ActiveCfg = Release|x64
		{FF367712-1855-4C3F-9D9F-8859912721D1}.WLHXP checked|x64.Build.0 = Release|x64
		{FF367712-1855-4C3F-9D9F-8859912721D1}.WLHXP free|Win32.ActiveCfg = Release|Win32
		{FF367712-1855-4C3F-9D9F-8859912721D1}.WLHXP free|Win32.Build.0 = Release|Win32
		{FF367712-1855-4C3F-9D9F-8859912721D1}.WLHXP free|x64.ActiveCfg = Release|x64
		{FF367712-1855-4C3F-9D9F-8859912721D1}.WLHXP free|x64.Build.0 = Release|x64
		{FF367712-1855-4C3F-9D9F-8859912721D1}.WNET checked (PREfast)|Win32.ActiveCfg = Release|Win32
		{FF367712-1855-4C3F-9D9F-8859912721D1}.WNET checked (PREfast)|Win32.Build.0 = Release|Win32
		{FF367712-1855-4C3F-9D9F-8859912721D1}.WNET checked (PREfast)|x64.ActiveCfg = Release|x64
		{FF367712-1855-4C3F-9D9F-8859912721D1}.WNET checked (PREfast)|x64.Build.0 = Release|x64
		{FF367712-1855-4C3F-9D9F-8859912721D1}.WNET checked|Win32.ActiveCfg = Release|Win32
		{FF367712-1855-4C3F-9D9F-8859912721D1}.WNET checked|Win32.Build.0 = Release|Win32
		{FF367712-1855-4C3F-9D9F-8859912721D1}.WNET checked|x64.ActiveCfg = Release|x64
		{FF367712-1855-4C3F-9D9F-8859912721D1}.WNET checked|x64.Build.0 = Release|x64
		{FF367712-1855-4C3F-9D9F-8859912721D1}.WNET free|Win32.ActiveCfg = Release|Win32
		{FF367712-1855-4C3F-9D9F-8859912721D1}.WNET free|Win32.Build.0 = Release|Win32
		{FF367712-1855-4C3F-9D9F-8859912721D1}.WNET free|x64.ActiveCfg = Release|x64
		{FF367712-1855-4C3F-9D9F-8859912721D1}.WNET free|x64.Build.0 = Release|x64
		{FF367712-1855-4C3F-9D9F-8859912721D1}.WNET2K checked (PREfast)|Win32.ActiveCfg = Release|Win32
		{FF367712-1855-4C3F-9D9F-8859912721D1}.WNET2K checked (PREfast)|Win32.Build.0 = Release|Win32
		{FF367712-1855-4C3F-9D9F-8859912721D1}.WNET2K checked (PREfast)|x64.ActiveCfg = Release|x64
		{FF367712-1855-4C3F-9D9F-8859912721D1}.WNET2K checked (PREfast)|x64.Build.0 = Release|x64
		{FF367712-1855-4C3F-9D9F-8859912721D1}.WNET2K checked|Win32.ActiveCfg = Release|Win32
		{FF367712-1855-4C3F-9D9F-8859912721D1}.WNET2K checked|Win32.Build.0 = Release|Win32
		{FF367712-1855-4C3F-9D9F-8859912721D1}.WNET2K checked|x64.ActiveCfg = Release|x64
		{FF367712-1855-4C3F-9D9F-8859912721D1}.WNET2K checked|x64.Build.0 = Release|x64
		{FF367712-1855-4C3F-9D9F-8859912721D1}.WNET2K free|Win32.ActiveCfg = Release|Win32
		{FF367712-1855-4C3F-9D9F-8859912721D1}.WNET2K free|Win32.Build.0 = Release|Win32
		{FF367712-1855-4C3F-9D9F-8859912721D1}.WNET2K free|x64.ActiveCfg = Release|x64
		{FF367712-1855-4C3F-9D9F-8859912721D1}.WNET2K free|x64.Build.0 = Release|x64
		{FF367712-1855-4C3F-9D9F-8859912721D1}.WNETXP checked (PREfast)|Win32.ActiveCfg = Release|Win32
		{FF367712-1855-4C3F-9D9F-8859912721D1}.WNETXP checked (PREfast)|Win32.Build.0 = Release|Win32
		{FF367712-1855-4C3F-9D9F-8859912721D1}.WNETXP checked (PREfast)|x64.ActiveCfg = Release|x64
		{FF367712-1855-4C3F-9D9F-8859912721D1}.WNETXP checked (PREfast)|x64.Build.0 = Release|x64
		{FF367712-1855-4C3F-9D9F-8859912721D1}.WNETXP checked|Win32.ActiveCfg = Release|Win32
		{FF367712-1855-4C3F-9D9F-8859912721D1}.WNETXP checked|Win32.Build.0 = Release|Win32
		{FF367712-1855-4C3F-9D9F-8859912721D1}.WNETXP checked|x64.ActiveCfg = Release|x64
		{FF367712-1855-4C3F-9D9F-8859912721D1}.WNETXP checked|x64.Build.0 = Release|x64
		{FF367712-1855-4C3F-9D9F-8859912721D1}.WNETXP free|Win32.ActiveCfg = Release|Win32
		{FF367712-1855-4C3F-9D9F-8859912721D1}.WNETXP free|Win32.Build.0 = Release|Win32
		{FF367712-1855-4C3F-9D9F-8859912721D1}.WNETXP free|x64.ActiveCfg = Release|x64
		{FF367712-1855-4C3F-9D9F-8859912721D1}.WNETXP free|x64.Build.0 = Release|x64
		{B85570AD-807D-4B93-8426-1A0870FAE593}.Debug|Win32.ActiveCfg = Debug|Win32
		{B85570AD-807D-4B93-8426-1A0870FAE593}.Debug|Win32.Build.0 = Debug|Win32
		{B85570AD-807D-4B93-8426-1A0870FAE593}.Debug|x64.ActiveCfg = Debug|x64
		{B85570AD-807D-4B93-8426-1A0870FAE593}.Debug|x64.Build.0 = Debug|x64
		{B85570AD-807D-4B93-8426-1A0870FAE593}.Release|Win32.ActiveCfg = Release|Win32
		{B85570AD-807D-4B93-8426-1A0870FAE593}.Release|Win32.Build.0 = Release|Win32
		{B85570AD-807D-4B93-8426-1A0870FAE593}.Release|x64.ActiveCfg = Release|x64
		{B85570AD-807D-4B93-8426-1A0870FAE593}.Release|x64.Build.0 = Release|x64
		{B85570AD-807D-4B93-8426-1A0870FAE593}.WLH checked (PREfast)|Win32.ActiveCfg = Release|Win32
		{B85570AD-807D-4B93-8426-1A0870FAE593}.WLH checked (PREfast)|Win32.Build.0 = Release|Win32
		{B85570AD-807D-4B93-8426-1A0870FAE593}.WLH checked (PREfast)|x64.ActiveCfg = Release|x64
		{B85570AD-807D-4B93-8426-1A0870FAE593}.WLH checked (PREfast)|x64.Build.0 = Release|x64
		{B85570AD-807D-4B93-8426-1A0870FAE593}.WLH checked|Win32.ActiveCfg = Release|Win32
		{B85570AD-807D-4B93-8426-1A0870FAE593}.WLH checked|Win32.Build.0 = Release|Win32
		{B85570AD-807D-4B93-8426-1A0870FAE593}.WLH checked|x64.ActiveCfg = Release|x64
		{B85570AD-807D-4B93-8426-1A0870FAE593}.WLH checked|x64.Build.0 = Release|x64
		{B85570AD-807D-4B93-8426-1A0870FAE593}.WLH free|Win32.ActiveCfg = Release|Win32
		{B85570AD-807D-4B93-8426-1A0870FAE593}.WLH free|Win32.Build.0 = Release|Win32
		{B85570AD-807D-4B93-8426-1A0870FAE593}.WLH free|x64.ActiveCfg = Release|x64
		{B85570AD-807D-4B93-8426-1A0870FAE593}.WLH free|x64.Build.0 = Release|x64
		{B85570AD-807D-4B93-8426-1A0870FAE593}.WLH2K checked (PREfast)|Win32.ActiveCfg = Release|Win32
		{B85570AD-807D-4B93-8426-1A0870FAE593}.WLH2K checked (PREfast)|Win32.Build.0 = Release|Win32
		{B85570AD-807D-4B93-8426-1A0870FAE593}.WLH2K checked (PREfast)|x64.ActiveCfg = Release|x64
		{B85570AD-807D-4B93-8426-1A0870FAE593}.WLH2K checked (PREfast)|x64.Build.0 = Release|x64
		{B85570AD-807D-4B93-8426-1A0870FAE593}.WLH2K checked|Win32.ActiveCfg = Release|Win32
		{B85570AD-807D-4B93-8426-1A0870FAE593}.WLH2K checked|Win32.Build.0 = Release|Win32
		{B85570AD-807D-4B93-8426-1A0870FAE593}.WLH2K checked|x64.ActiveCfg = Release|x64
		{B85570AD-807D-4B93-8426-1A0870FAE593}.WLH2K checked|x64.Build.0 = Release|x64
		{B85570AD-807D-4B93-8426-1A0870FAE593}.WLH2K free|Win32.ActiveCfg = Release|Win32
		{B85570AD-807D-4B93-8426-1A0870FAE593}.WLH2K free|Win32.Build.0 = Release|Win32
		{B85570AD-807D-4B93-8426-1A0870FAE593}.WLH2K free|x64.ActiveCfg = Release|x64
		{B85570AD-807D-4B93-8426-1A0870FAE593}.WLH2K free|x64.Build.0 = Release|x64
		{B85570AD-807D-4B93-8426-1A0870FAE593}.WLHNET checked (PREfast)|Win32.ActiveCfg = Release|Win32
		{B85570AD-807D-4B93-8426-1A0870FAE593}.WLHNET checked (PREfast)|Win32.Build.0 = Release|Win32
		{B85570AD-807D-4B93-8426-1A0870FAE593}.WLHNET checked (PREfast)|x64.ActiveCfg = Release|x64
		{B85570AD-807D-4B93-8426-1A0870FAE593}.WLHNET checked (PREfast)|x64.Build.0 = Release|x64
		{B85570AD-807D-4B93-8426-1A0870FAE593}.WLHNET checked|Win32.ActiveCfg = Release|Win32
		{B85570AD-807D-4B93-8426-1A0870FAE593}.WLHNET checked|Win32.Build.0 = Release|Win32
		{B85570AD-807D-4B93-8426-1A0870FAE593}.WLHNET checked|x64.ActiveCfg = Release|x64
		{B85570AD-807D-4B93-8426-1A0870FAE593}.WLHNET checked|x64.Build.0 = Release|x64
		{B85570AD-807D-4B93-8426-1A0870FAE593}.WLHNET free|Win32.ActiveCfg = Release|Win32
		{B85570AD-807D-4B93-8426-1A0870FAE593}.WLHNET free|Win32.Build.0 = Release|Win32
		{B85570AD-807D-4B93-8426-1A0870FAE593}.WLHNET free|x64.ActiveCfg = Release|x64
		{B85570AD-807D-4B93-8426-1A0870FAE593}.WLHNET free|x64.Build.0 = Release|x64
		{B85570AD-807D-4B93-8426-1A0870FAE593}.WLHNETX64 checked (PREfast)|Win32.ActiveCfg = Release|x64
		{B85570AD-807D-4B93-8426-1A0870FAE593}.WLHNETX64 checked (PREfast)|x64.ActiveCfg = Release|x64
		{B85570AD-807D-4B93-8426-1A0870FAE593}.WLHNETX64 checked (PREfast)|x64.Build.0 = Release|x64
		{B85570AD-807D-4B93-8426-1A0870FAE593}.WLHNETX64 checked|Win32.ActiveCfg = Release|x64
		{B85570AD-807D-4B93-8426-1A0870FAE593}.WLHNETX64 checked|x64.ActiveCfg = Release|x64
		{B85570AD-807D-4B93-8426-1A0870FAE593}.WLHNETX64 checked|x64.Build.0 = Release|x64
		{B85570AD-807D-4B93-8426-1A0870FAE593}.WLHNETX64 free|Win32.ActiveCfg = Release|x64
		{B85570AD-807D-4B93-8426-1A0870FAE593}.WLHNETX64 free|x64.ActiveCfg = Release|x64
		{B85570AD-807D-4B93-8426-1A0870FAE593}.WLHNETX64 free|x64.Build.0 = Release|x64
		{B85570AD-807D-4B93-8426-1A0870FAE593}.WLHX64 checked (PREfast)|Win32.ActiveCfg = Release|x64
		{B85570AD-807D-4B93-8426-1A0870FAE593}.WLHX64 checked (PREfast)|x64.ActiveCfg = Release|x64
		{B85570AD-807D-4B93-8426-1A0870FAE593}.WLHX64 checked (PREfast)|x64.Build.0 = Release|x64
		{B85570AD-807D-4B93-8426-1A0870FAE593}.WLHX64 checked|Win32.ActiveCfg = Release|x64
		{B85570AD-807D-4B93-8426-1A0870FAE593}.WLHX64 checked|x64.ActiveCfg = Release|x64
		{B85570AD-807D-4B93-8426-1A0870FAE593}.WLHX64 checked|x64.Build.0 = Release|x64
		{B85570AD-807D-4B93-8426-1A0870FAE593}.WLHX64 free|Win32.ActiveCfg = Release|x64
		{B85570AD-807D-4B93-8426-1A0870FAE593}.WLHX64 free|x64.ActiveCfg = Release|x64
		{B85570AD-807D-4B93-8426-1A0870FAE593}.WLHX64 free|x64.Build.0 = Release|x64
		{B85570AD-807D-4B93-8426-1A0870FAE593}.WLHXP checked (PREfast)|Win32.ActiveCfg = Release|Win32
		{B85570AD-807D-4B93-8426-1A0870FAE593}.WLHXP checked (PREfast)|Win32.Build.0 = Release|Win32
		{B85570AD-807D-4B93-8426-1A0870FAE593}.WLHXP checked (PREfast)|x64.ActiveCfg = Release|x64
		{B85570AD-807D-4B93-8426-1A0870FAE593}.WLHXP checked (PREfast)|x64.Build.0 = Release|x64
		{B85570AD-807D-4B93-8426-1A0870FAE593}.WLHXP checked|Win32.ActiveCfg = Release|Win32
		{B85570AD-807D-4B93-8426-1A0870FAE593}.WLHXP checked|Win32.Build.0 = Release|Win32
		{B85570AD-807D-4B93-8426-1A0870FAE593}.WLHXP checked|x64.ActiveCfg = Release|x64
		{B85570AD-807D-4B93-8426-1A0870FAE593}.WLHXP checked|x64.Build.0 = Release|x64
		{B85570AD-807D-4B93-8426-1A0870FAE593}.WLHXP free|Win32.ActiveCfg = Release|Win32
		{B85570AD-807D-4B93-8426-1A0870FAE593}.WLHXP free|Win32.Build.0 = Release|Win32
		{B85570AD-807D-4B93-8426-1A0870FAE593}.WLHXP free|x64.ActiveCfg = Release|x64
		{B85570AD-807D-4B93-8426-1A0870FAE593}.WLHXP free|x64.Build.0 = Release|x64
		{B85570AD-807D-4B93-8426-1A0870FAE593}.WNET checked (PREfast)|Win32.ActiveCfg = Release|Win32
		{B85570AD-807D-4B93-8426-1A0870FAE593}.WNET checked (PREfast)|Win32.Build.0 = Release|Win32
		{B85570AD-807D-4B93-8426-1A0870FAE593}.WNET checked (PREfast)|x64.ActiveCfg = Release|x64
		{B85570AD-807D-4B93-8426-1A0870FAE593}.WNET checked (PREfast)|x64.Build.0 = Release|x64
		{B85570AD-807D-4B93-8426-1A0870FAE593}.WNET checked|Win32.ActiveCfg = Release|Win32
		{B85570AD-807D-4B93-8426-1A0870FAE593}.WNET checked|Win32.Build.0 = Release|Win32
		{B85570AD-807D-4B93-8426-1A0870FAE593}.WNET checked|x64.ActiveCfg = Release|x64
		{B85570AD-807D-4B93-8426-1A0870FAE593}.WNET checked|x64.Build.0 = Release|x64
		{B85570AD-807D-4B93-8426-1A0870FAE593}.WNET free|Win32.ActiveCfg = Release|Win32
		{B85570AD-807D-4B93-8426-1A0870FAE593}.WNET free|Win32.Build.0 = Release|Win32
		{B85570AD-807D-4B93-8426-1A0870FAE593}.WNET free|x64.ActiveCfg = Release|x64
		{B85570AD-807D-4B93-8426-1A0870FAE593}.WNET free|x64.Build.0 = Release|x64
		{B85570AD-807D-4B93-8426-1A0870FAE593}.WNET2K checked (PREfast)|Win32.ActiveCfg = Release|Win32
		{B85570AD-807D-4B93-8426-1A0870FAE593}.WNET2K checked (PREfast)|Win32.Build.0 = Release|Win32
		{B85570AD-807D-4B93-8426-1A0870FAE593}.WNET2K checked (PREfast)|x64.ActiveCfg = Release|x64
		{B85570AD-807D-4B93-8426-1A0870FAE593}.WNET2K checked (PREfast)|x64.Build.0 = Release|x64
		{B85570AD-807D-4B93-8426-1A0870FAE593}.WNET2K checked|Win32.ActiveCfg = Release|Win32
		{B85570AD-807D-4B93-8426-1A0870FAE593}.WNET2K checked|Win32.Build.0 = Release|Win32
		{B85570AD-807D-4B93-8426-1A0870FAE593}.WNET2K checked|x64.ActiveCfg = Release|x64
		{B85570AD-807D-4B93-8426-1A0870FAE593}.WNET2K checked|x64.Build.0 = Release|x64
		{B85570AD-807D-4B93-8426-1A0870FAE593}.WNET2K free|Win32.ActiveCfg = Release|Win32
		{B85570AD-807D-4B93-8426-1A0870FAE593}.WNET2K free|Win32.Build.0 = Release|Win32
		{B85570AD-807D-4B93-8426-1A0870FAE593}.WNET2K free|x64.ActiveCfg = Release|x64
		{B85570AD-807D-4B93-8426-1A0870FAE593}.WNET2K free|x64.Build.0 = Release|x64
		{B85570AD-807D-4B93-8426-1A0870FAE593}.WNETXP checked (PREfast)|Win32.ActiveCfg = Release|Win32
		{B85570AD-807D-4B93-8426-1A0870FAE593}.WNETXP checked (PREfast)|Win32.Build.0 = Release|Win32
		{B85570AD-807D-4B93-8426-1A0870FAE593}.WNETXP checked (PREfast)|x64.ActiveCfg = Release|x64
		{B85570AD-807D-4B93-8426-1A0870FAE593}.WNETXP checked (PREfast)|x64.Build.0 = Release|x64
		{B85570AD-807D-4B93-8426-1A0870FAE593}.WNETXP checked|Win32.ActiveCfg = Release|Win32
		{B85570AD-807D-4B93-8426-1A0870FAE593}.WNETXP checked|Win32.Build.0 = Release|Win32
		{B85570AD-807D-4B93-8426-1A0870FAE593}.WNETXP checked|x64.ActiveCfg = Release|x64
		{B85570AD-807D-4B93-8426-1A0870FAE593}.WNETXP checked|x64.Build.0 = Release|x64
		{B85570AD-807D-4B93-8426-1A0870FAE593}.WNETXP free|Win32.ActiveCfg = Release|Win32
		{B85570AD-807D-4B93-8426-1A0870FAE593}.WNETXP free|Win32.Build.0 = Release|Win32
		{B85570AD-807D-4B93-8426-1A0870FAE593}.WNETXP free|x64.ActiveCfg = Release|x64
		{B85570AD-807D-4B93-8426-1A0870FAE593}.WNETXP free|x64.Build.0 = Release|x64
		{7FC4E0E1-A639-4FBA-B62A-98254934616E}.Debug|Win32.ActiveCfg = WLHNET checked (PREfast)|Win32
		{7FC4E0E1-A639-4FBA-B62A-98254934616E}.Debug|Win32.Build.0 = WLHNET checked (PREfast)|Win32
		{7FC4E0E1-A639-4FBA-B62A-98254934616E}.Debug|x64.ActiveCfg = WLHNET checked (PREfast)|x64
		{7FC4E0E1-A639-4FBA-B62A-98254934616E}.Debug|x64.Build.0 = WLHNET checked (PREfast)|x64
		{7FC4E0E1-A639-4FBA-B62A-98254934616E}.Release|Win32.ActiveCfg = WLHNET checked (PREfast)|Win32
		{7FC4E0E1-A639-4FBA-B62A-98254934616E}.Release|x64.ActiveCfg = WLHNET checked (PREfast)|x64
		{7FC4E0E1-A639-4FBA-B62A-98254934616E}.WLH checked (PREfast)|Win32.ActiveCfg = WLH checked (PREfast)|Win32
		{7FC4E0E1-A639-4FBA-B62A-98254934616E}.WLH checked (PREfast)|Win32.Build.0 = WLH checked (PREfast)|Win32
		{7FC4E0E1-A639-4FBA-B62A-98254934616E}.WLH checked (PREfast)|x64.ActiveCfg = WLH checked (PREfast)|x64
		{7FC4E0E1-A639-4FBA-B62A-98254934616E}.WLH checked|Win32.ActiveCfg = WLH checked|Win32
		{7FC4E0E1-A639-4FBA-B62A-98254934616E}.WLH checked|Win32.Build.0 = WLH checked|Win32
		{7FC4E0E1-A639-4FBA-B62A-98254934616E}.WLH checked|x64.ActiveCfg = WLH checked|x64
		{7FC4E0E1-A639-4FBA-B62A-98254934616E}.WLH free|Win32.ActiveCfg = WLH free|Win32
		{7FC4E0E1-A639-4FBA-B62A-98254934616E}.WLH free|Win32.Build.0 = WLH free|Win32
		{7FC4E0E1-A639-4FBA-B62A-98254934616E}.WLH free|x64.ActiveCfg = WLH free|x64
		{7FC4E0E1-A639-4FBA-B62A-98254934616E}.WLH2K checked (PREfast)|Win32.ActiveCfg = WLH2K checked (PREfast)|Win32
		{7FC4E0E1-A639-4FBA-B62A-98254934616E}.WLH2K checked (PREfast)|Win32.Build.0 = WLH2K checked (PREfast)|Win32
		{7FC4E0E1-A639-4FBA-B62A-98254934616E}.WLH2K checked (PREfast)|x64.ActiveCfg = WLH2K checked (PREfast)|x64
		{7FC4E0E1-A639-4FBA-B62A-98254934616E}.WLH2K checked|Win32.ActiveCfg = WLH2K checked|Win32
		{7FC4E0E1-A639-4FBA-B62A-98254934616E}.WLH2K checked|Win32.Build.0 = WLH2K checked|Win32
		{7FC4E0E1-A639-4FBA-B62A-98254934616E}.WLH2K checked|x64.ActiveCfg = WLH2K checked|x64
		{7FC4E0E1-A639-4FBA-B62A-98254934616E}.WLH2K free|Win32.ActiveCfg = WLH2K free|Win32
		{7FC4E0E1-A639-4FBA-B62A-98254934616E}.WLH2K free|Win32.Build.0 = WLH2K free|Win32
		{7FC4E0E1-A639-4FBA-B62A-98254934616E}.WLH2K free|x64.ActiveCfg = WLH2K free|x64
		{7FC4E0E1-A639-4FBA-B62A-98254934616E}.WLHNET checked (PREfast)|Win32.ActiveCfg = WLHNET checked (PREfast)|Win32
		{7FC4E0E1-A639-4FBA-B62A-98254934616E}.WLHNET checked (PREfast)|Win32.Build.0 = WLHNET checked (PREfast)|Win32
		{7FC4E0E1-A639-4FBA-B62A-98254934616E}.WLHNET checked (PREfast)|x64.ActiveCfg = WLHNET checked (PREfast)|x64
		{7FC4E0E1-A639-4FBA-B62A-98254934616E}.WLHNET checked|Win32.ActiveCfg = WLHNET checked|Win32
		{7FC4E0E1-A639-4FBA-B62A-98254934616E}.WLHNET checked|Win32.Build.0 = WLHNET checked|Win32
		{7FC4E0E1-A639-4FBA-B62A-98254934616E}.WLHNET checked|x64.ActiveCfg = WLHNET checked|x64
		{7FC4E0E1-A639-4FBA-B62A-98254934616E}.WLHNET free|Win32.ActiveCfg = WLHNET free|Win32
		{7FC4E0E1-A639-4FBA-B62A-98254934616E}.WLHNET free|Win32.Build.0 = WLHNET free|Win32
		{7FC4E0E1-A639-4FBA-B62A-98254934616E}.WLHNET free|x64.ActiveCfg = WLHNET free|x64
		{7FC4E0E1-A639-4FBA-B62A-98254934616E}.WLHNETX64 checked (PREfast)|Win32.ActiveCfg = WLHNET checked (PREfast)|x64
		{7FC4E0E1-A639-4FBA-B62A-98254934616E}.WLHNETX64 checked (PREfast)|x64.ActiveCfg = WLHNET checked (PREfast)|x64
		{7FC4E0E1-A639-4FBA-B62A-98254934616E}.WLHNETX64 checked (PREfast)|x64.Build.0 = WLHNET checked (PREfast)|x64
		{7FC4E0E1-A639-4FBA-B62A-98254934616E}.WLHNETX64 checked|Win32.ActiveCfg = WLHNET checked (PREfast)|x64
		{7FC4E0E1-A639-4FBA-B62A-98254934616E}.WLHNETX64 checked|x64.ActiveCfg = WLHNET checked (PREfast)|x64
		{7FC4E0E1-A639-4FBA-B62A-98254934616E}.WLHNETX64 checked|x64.Build.0 = WLHNET checked (PREfast)|x64
		{7FC4E0E1-A639-4FBA-B62A-98254934616E}.WLHNETX64 free|Win32.ActiveCfg = WLHNET checked (PREfast)|x64
		{7FC4E0E1-A639-4FBA-B62A-98254934616E}.WLHNETX64 free|x64.ActiveCfg = WLHNET checked (PREfast)|x64
		{7FC4E0E1-A639-4FBA-B62A-98254934616E}.WLHNETX64 free|x64.Build.0 = WLHNET checked (PREfast)|x64
		{7FC4E0E1-A639-4FBA-B62A-98254934616E}.WLHX64 checked (PREfast)|Win32.ActiveCfg = WLHXP checked (PREfast)|x64
		{7FC4E0E1-A639-4FBA-B62A-98254934616E}.WLHX64 checked (PREfast)|x64.ActiveCfg = WLHXP checked (PREfast)|x64
		{7FC4E0E1-A639-4FBA-B62A-98254934616E}.WLHX64 checked (PREfast)|x64.Build.0 = WLHXP checked (PREfast)|x64
		{7FC4E0E1-A639-4FBA-B62A-98254934616E}.WLHX64 checked|Win32.ActiveCfg = WLHXP checked (PREfast)|x64
		{7FC4E0E1-A639-4FBA-B62A-98254934616E}.WLHX64 checked|x64.ActiveCfg = WLHXP checked (PREfast)|x64
		{7FC4E0E1-A639-4FBA-B62A-98254934616E}.WLHX64 checked|x64.Build.0 = WLHXP checked (PREfast)|x64
		{7FC4E0E1-A639-4FBA-B62A-98254934616E}.WLHX64 free|Win32.ActiveCfg = WLHXP checked (PREfast)|x64
		{7FC4E0E1-A639-4FBA-B62A-98254934616E}.WLHX64 free|x64.ActiveCfg = WLHXP checked (PREfast)|x64
		{7FC4E0E1-A639-4FBA-B62A-98254934616E}.WLHX64 free|x64.Build.0 = WLHXP checked (PREfast)|x64
		{7FC4E0E1-A639-4FBA-B62A-98254934616E}.WLHXP checked (PREfast)|Win32.ActiveCfg = WLHXP checked (PREfast)|Win32
		{7FC4E0E1-A639-4FBA-B62A-98254934616E}.WLHXP checked (PREfast)|Win32.Build.0 = WLHXP checked (PREfast)|Win32
		{7FC4E0E1-A639-4FBA-B62A-98254934616E}.WLHXP checked (PREfast)|x64.ActiveCfg = WLHXP checked (PREfast)|x64
		{7FC4E0E1-A639-4FBA-B62A-98254934616E}.WLHXP checked|Win32.ActiveCfg = WLHXP checked|Win32
		{7FC4E0E1-A639-4FBA-B62A-98254934616E}.WLHXP checked|Win32.Build.0 = WLHXP checked|Win32
		{7FC4E0E1-A639-4FBA-B62A-98254934616E}.WLHXP checked|x64.ActiveCfg = WLHXP checked|x64
		{7FC4E0E1-A639-4FBA-B62A-98254934616E}.WLHXP free|Win32.ActiveCfg = WLHXP free|Win32
		{7FC4E0E1-A639-4FBA-B62A-98254934616E}.WLHXP free|Win32.Build.0 = WLHXP free|Win32
		{7FC4E0E1-A639-4FBA-B62A-98254934616E}.WLHXP free|x64.ActiveCfg = WLHXP free|x64
		{7FC4E0E1-A639-4FBA-B62A-98254934616E}.WNET checked (PREfast)|Win32.ActiveCfg = WLHNET checked (PREfast)|Win32
		{7FC4E0E1-A639-4FBA-B62A-98254934616E}.WNET checked (PREfast)|Win32.Build.0 = WLHNET checked (PREfast)|Win32
		{7FC4E0E1-A639-4FBA-B62A-98254934616E}.WNET checked (PREfast)|x64.ActiveCfg = WLHNET checked (PREfast)|x64
		{7FC4E0E1-A639-4FBA-B62A-98254934616E}.WNET checked (PREfast)|x64.Build.0 = WLHNET checked (PREfast)|x64
		{7FC4E0E1-A639-4FBA-B62A-98254934616E}.WNET checked|Win32.ActiveCfg = WLHNET checked (PREfast)|Win32
		{7FC4E0E1-A639-4FBA-B62A-98254934616E}.WNET checked|Win32.Build.0 = WLHNET checked (PREfast)|Win32
		{7FC4E0E1-A639-4FBA-B62A-98254934616E}.WNET checked|x64.ActiveCfg = WLHNET checked (PREfast)|x64
		{7FC4E0E1-A639-4FBA-B62A-98254934616E}.WNET checked|x64.Build.0 = WLHNET checked (PREfast)|x64
		{7FC4E0E1-A639-4FBA-B62A-98254934616E}.WNET free|Win32.ActiveCfg = WLHNET checked (PREfast)|Win32
		{7FC4E0E1-A639-4FBA-B62A-98254934616E}.WNET free|Win32.Build.0 = WLHNET checked (PREfast)|Win32
		{7FC4E0E1-A639-4FBA-B62A-98254934616E}.WNET free|x64.ActiveCfg = WLHNET checked (PREfast)|x64
		{7FC4E0E1-A639-4FBA-B62A-98254934616E}.WNET free|x64.Build.0 = WLHNET checked (PREfast)|x64
		{7FC4E0E1-A639-4FBA-B62A-98254934616E}.WNET2K checked (PREfast)|Win32.ActiveCfg = WLHNET checked (PREfast)|Win32
		{7FC4E0E1-A639-4FBA-B62A-98254934616E}.WNET2K checked (PREfast)|Win32.Build.0 = WLHNET checked (PREfast)|Win32
		{7FC4E0E1-A639-4FBA-B62A-98254934616E}.WNET2K checked (PREfast)|x64.ActiveCfg = WLHNET checked (PREfast)|x64
		{7FC4E0E1-A639-4FBA-B62A-98254934616E}.WNET2K checked (PREfast)|x64.Build.0 = WLHNET checked (PREfast)|x64
		{7FC4E0E1-A639-4FBA-B62A-98254934616E}.WNET2K checked|Win32.ActiveCfg = WLHNET checked (PREfast)|Win32
		{7FC4E0E1-A639-4FBA-B62A-98254934616E}.WNET2K checked|Win32.Build.0 = WLHNET checked (PREfast)|Win32
		{7FC4E0E1-A639-4FBA-B62A-98254934616E}.WNET2K checked|x64.ActiveCfg = WLHNET checked (PREfast)|x64
		{7FC4E0E1-A639-4FBA-B62A-98254934616E}.WNET2K checked|x64.Build.0 = WLHNET checked (PREfast)|x64
		{7FC4E0E1-A639-4FBA-B62A-98254934616E}.WNET2K free|Win32.ActiveCfg = WLHNET checked (PREfast)|Win32
		{7FC4E0E1-A639-4FBA-B62A-98254934616E}.WNET2K free|Win32.Build.0 = WLHNET checked (PREfast)|Win32
		{7FC4E0E1-A639-4FBA-B62A-98254934616E}.WNET2K free|x64.ActiveCfg = WLHNET checked (PREfast)|x64
		{7FC4E0E1-A639-4FBA-B62A-98254934616E}.WNET2K free|x64.Build.0 = WLHNET checked (PREfast)|x64
		{7FC4E0E1-A639-4FBA-B62A-98254934616E}.WNETXP checked (PREfast)|Win32.ActiveCfg = WLHNET checked (PREfast)|Win32
		{7FC4E0E1-A639-4FBA-B62A-98254934616E}.WNETXP checked (PREfast)|Win32.Build.0 = WLHNET checked (PREfast)|Win32
		{7FC4E0E1-A639-4FBA-B62A-98254934616E}.WNETXP checked (PREfast)|x64.ActiveCfg = WLHNET checked (PREfast)|x64
		{7FC4E0E1-A639-4FBA-B62A-98254934616E}.WNETXP checked (PREfast)|x64.Build.0 = WLHNET checked (PREfast)|x64
		{7FC4E0E1-A639-4FBA-B62A-98254934616E}.WNETXP checked|Win32.ActiveCfg = WLHNET checked (PREfast)|Win32
		{7FC4E0E1-A639-4FBA-B62A-98254934616E}.WNETXP checked|Win32.Build.0 = WLHNET checked (PREfast)|Win32
		{7FC4E0E1-A639-4FBA-B62A-98254934616E}.WNETXP checked|x64.ActiveCfg = WLHNET checked (PREfast)|x64
		{7FC4E0E1-A639-4FBA-B62A-98254934616E}.WNETXP checked|x64.Build.0 = WLHNET checked (PREfast)|x64
		{7FC4E0E1-A639-4FBA-B62A-98254934616E}.WNETXP free|Win32.ActiveCfg = WLHNET checked (PREfast)|Win32
		{7FC4E0E1-A639-4FBA-B62A-98254934616E}.WNETXP free|Win32.Build.0 = WLHNET checked (PREfast)|Win32
		{7FC4E0E1-A639-4FBA-B62A-98254934616E}.WNETXP free|x64.ActiveCfg = WLHNET checked (PREfast)|x64
		{7FC4E0E1-A639-4FBA-B62A-98254934616E}.WNETXP free|x64.Build.0 = WLHNET checked (PREfast)|x64
		{B9940EC0-DAED-4632-86D4-36B7A7D25CB7}.Debug|Win32.ActiveCfg = WLHX64 checked (PREfast)|Win32
		{B9940EC0-DAED-4632-86D4-36B7A7D25CB7}.Debug|Win32.Build.0 = WLHX64 checked (PREfast)|Win32
		{B9940EC0-DAED-4632-86D4-36B7A7D25CB7}.Debug|x64.ActiveCfg = WLHX64 checked (PREfast)|Win32
		{B9940EC0-DAED-4632-86D4-36B7A7D25CB7}.Release|Win32.ActiveCfg = WLHX64 checked (PREfast)|x64
		{B9940EC0-DAED-4632-86D4-36B7A7D25CB7}.Release|x64.ActiveCfg = WLHX64 checked (PREfast)|Win32
		{B9940EC0-DAED-4632-86D4-36B7A7D25CB7}.WLH checked (PREfast)|Win32.ActiveCfg = WLH checked (PREfast)|Win32
		{B9940EC0-DAED-4632-86D4-36B7A7D25CB7}.WLH checked (PREfast)|Win32.Build.0 = WLH checked (PREfast)|Win32
		{B9940EC0-DAED-4632-86D4-36B7A7D25CB7}.WLH checked (PREfast)|x64.ActiveCfg = WLHX64 checked (PREfast)|x64
		{B9940EC0-DAED-4632-86D4-36B7A7D25CB7}.WLH checked|Win32.ActiveCfg = WLH checked|Win32
		{B9940EC0-DAED-4632-86D4-36B7A7D25CB7}.WLH checked|Win32.Build.0 = WLH checked|Win32
		{B9940EC0-DAED-4632-86D4-36B7A7D25CB7}.WLH checked|x64.ActiveCfg = WLH checked|Win32
		{B9940EC0-DAED-4632-86D4-36B7A7D25CB7}.WLH free|Win32.ActiveCfg = WLH free|Win32
		{B9940EC0-DAED-4632-86D4-36B7A7D25CB7}.WLH free|Win32.Build.0 = WLH free|Win32
		{B9940EC0-DAED-4632-86D4-36B7A7D25CB7}.WLH free|x64.ActiveCfg = WLH free|Win32
		{B9940EC0-DAED-4632-86D4-36B7A7D25CB7}.WLH2K checked (PREfast)|Win32.ActiveCfg = WLH2K checked (PREfast)|Win32
		{B9940EC0-DAED-4632-86D4-36B7A7D25CB7}.WLH2K checked (PREfast)|Win32.Build.0 = WLH2K checked (PREfast)|Win32
		{B9940EC0-DAED-4632-86D4-36B7A7D25CB7}.WLH2K checked (PREfast)|x64.ActiveCfg = WLH2K checked (PREfast)|Win32
		{B9940EC0-DAED-4632-86D4-36B7A7D25CB7}.WLH2K checked|Win32.ActiveCfg = WLH2K checked|Win32
		{B9940EC0-DAED-4632-86D4-36B7A7D25CB7}.WLH2K checked|Win32.Build.0 = WLH2K checked|Win32
		{B9940EC0-DAED-4632-86D4-36B7A7D25CB7}.WLH2K checked|x64.ActiveCfg = WLH2K checked|Win32
		{B9940EC0-DAED-4632-86D4-36B7A7D25CB7}.WLH2K free|Win32.ActiveCfg = WLH2K free|Win32
		{B9940EC0-DAED-4632-86D4-36B7A7D25CB7}.WLH2K free|Win32.Build.0 = WLH2K free|Win32
		{B9940EC0-DAED-4632-86D4-36B7A7D25CB7}.WLH2K free|x64.ActiveCfg = WLH2K free|Win32
		{B9940EC0-DAED-4632-86D4-36B7A7D25CB7}.WLHNET checked (PREfast)|Win32.ActiveCfg = WLHNET checked (PREfast)|Win32
		{B9940EC0-DAED-4632-86D4-36B7A7D25CB7}.WLHNET checked (PREfast)|Win32.Build.0 = WLHNET checked (PREfast)|Win32
		{B9940EC0-DAED-4632-86D4-36B7A7D25CB7}.WLHNET checked (PREfast)|x64.ActiveCfg = WLHNET checked (PREfast)|Win32
		{B9940EC0-DAED-4632-86D4-36B7A7D25CB7}.WLHNET checked|Win32.ActiveCfg = WLHNET checked|Win32
		{B9940EC0-DAED-4632-86D4-36B7A7D25CB7}.WLHNET checked|Win32.Build.0 = WLHNET checked|Win32
		{B9940EC0-DAED-4632-86D4-36B7A7D25CB7}.WLHNET checked|x64.ActiveCfg = WLHNET checked|Win32
		{B9940EC0-DAED-4632-86D4-36B7A7D25CB7}.WLHNET free|Win32.ActiveCfg = WLHNET free|Win32
		{B9940EC0-DAED-4632-86D4-36B7A7D25CB7}.WLHNET free|Win32.Build.0 = WLHNET free|Win32
		{B9940EC0-DAED-4632-86D4-36B7A7D25CB7}.WLHNET free|x64.ActiveCfg = WLHNET free|Win32
		{B9940EC0-DAED-4632-86D4-36B7A7D25CB7}.WLHNETX64 checked (PREfast)|Win32.ActiveCfg = WLHNETX64 checked (PREfast)|Win32
		{B9940EC0-DAED-4632-86D4-36B7A7D25CB7}.WLHNETX64 checked (PREfast)|Win32.Build.0 = WLHNETX64 checked (PREfast)|Win32
		{B9940EC0-DAED-4632-86D4-36B7A7D25CB7}.WLHNETX64 checked (PREfast)|x64.ActiveCfg = WLHNETX64 checked (PREfast)|Win32
		{B9940EC0-DAED-4632-86D4-36B7A7D25CB7}.WLHNETX64 checked|Win32.ActiveCfg = WLHNETX64 checked|Win32
		{B9940EC0-DAED-4632-86D4-36B7A7D25CB7}.WLHNETX64 checked|Win32.Build.0 = WLHNETX64 checked|Win32
		{B9940EC0-DAED-4632-86D4-36B7A7D25CB7}.WLHNETX64 checked|x64.ActiveCfg = WLHNETX64 checked|Win32
		{B9940EC0-DAED-4632-86D4-36B7A7D25CB7}.WLHNETX64 free|Win32.ActiveCfg = WLHNETX64 free|Win32
		{B9940EC0-DAED-4632-86D4-36B7A7D25CB7}.WLHNETX64 free|Win32.Build.0 = WLHNETX64 free|Win32
		{B9940EC0-DAED-4632-86D4-36B7A7D25CB7}.WLHNETX64 free|x64.ActiveCfg = WLHNETX64 free|Win32
		{B9940EC0-DAED-4632-86D4-36B7A7D25CB7}.WLHX64 checked (PREfast)|Win32.ActiveCfg = WLHX64 checked (PREfast)|Win32
		{B9940EC0-DAED-4632-86D4-36B7A7D25CB7}.WLHX64 checked (PREfast)|Win32.Build.0 = WLHX64 checked (PREfast)|Win32
		{B9940EC0-DAED-4632-86D4-36B7A7D25CB7}.WLHX64 checked (PREfast)|x64.ActiveCfg = WLHX64 checked (PREfast)|Win32
		{B9940EC0-DAED-4632-86D4-36B7A7D25CB7}.WLHX64 checked|Win32.ActiveCfg = WLHX64 checked|Win32
		{B9940EC0-DAED-4632-86D4-36B7A7D25CB7}.WLHX64 checked|Win32.Build.0 = WLHX64 checked|Win32
		{B9940EC0-DAED-4632-86D4-36B7A7D25CB7}.WLHX64 checked|x64.ActiveCfg = WLHX64 checked|Win32
		{B9940EC0-DAED-4632-86D4-36B7A7D25CB7}.WLHX64 free|Win32.ActiveCfg = WLHX64 free|Win32
		{B9940EC0-DAED-4632-86D4-36B7A7D25CB7}.WLHX64 free|Win32.Build.0 = WLHX64 free|Win32
		{B9940EC0-DAED-4632-86D4-36B7A7D25CB7}.WLHX64 free|x64.ActiveCfg = WLHX64 free|Win32
		{B9940EC0-DAED-4632-86D4-36B7A7D25CB7}.WLHXP checked (PREfast)|Win32.ActiveCfg = WLHXP checked (PREfast)|Win32
		{B9940EC0-DAED-4632-86D4-36B7A7D25CB7}.WLHXP checked (PREfast)|Win32.Build.0 = WLHXP checked (PREfast)|Win32
		{B9940EC0-DAED-4632-86D4-36B7A7D25CB7}.WLHXP checked (PREfast)|x64.ActiveCfg = WLHXP checked (PREfast)|Win32
		{B9940EC0-DAED-4632-86D4-36B7A7D25CB7}.WLHXP checked|Win32.ActiveCfg = WLHXP checked|Win32
		{B9940EC0-DAED-4632-86D4-36B7A7D25CB7}.WLHXP checked|Win32.Build.0 = WLHXP checked|Win32
		{B9940EC0-DAED-4632-86D4-36B7A7D25CB7}.WLHXP checked|x64.ActiveCfg = WLHXP checked|Win32
		{B9940EC0-DAED-4632-86D4-36B7A7D25CB7}.WLHXP free|Win32.ActiveCfg = WLHXP free|Win32
		{B9940EC0-DAED-4632-86D4-36B7A7D25CB7}.WLHXP free|Win32.Build.0 = WLHXP free|Win32
		{B9940EC0-DAED-4632-86D4-36B7A7D25CB7}.WLHXP free|x64.ActiveCfg = WLHXP free|Win32
		{B9940EC0-DAED-4632-86D4-36B7A7D25CB7}.WNET checked (PREfast)|Win32.ActiveCfg = WLHX64 checked (PREfast)|Win32
		{B9940EC0-DAED-4632-86D4-36B7A7D25CB7}.WNET checked (PREfast)|Win32.Build.0 = WLHX64 checked (PREfast)|Win32
		{B9940EC0-DAED-4632-86D4-36B7A7D25CB7}.WNET checked (PREfast)|x64.ActiveCfg = WLHX64 checked (PREfast)|Win32
		{B9940EC0-DAED-4632-86D4-36B7A7D25CB7}.WNET checked|Win32.ActiveCfg = WLHX64 checked (PREfast)|Win32
		{B9940EC0-DAED-4632-86D4-36B7A7D25CB7}.WNET checked|Win32.Build.0 = WLHX64 checked (PREfast)|Win32
		{B9940EC0-DAED-4632-86D4-36B7A7D25CB7}.WNET checked|x64.ActiveCfg = WLHX64 checked (PREfast)|Win32
		{B9940EC0-DAED-4632-86D4-36B7A7D25CB7}.WNET free|Win32.ActiveCfg = WLHX64 checked (PREfast)|Win32
		{B9940EC0-DAED-4632-86D4-36B7A7D25CB7}.WNET free|Win32.Build.0 = WLHX64 checked (PREfast)|Win32
		{B9940EC0-DAED-4632-86D4-36B7A7D25CB7}.WNET free|x64.ActiveCfg = WLHX64 checked (PREfast)|Win32
		{B9940EC0-DAED-4632-86D4-36B7A7D25CB7}.WNET2K checked (PREfast)|Win32.ActiveCfg = WLHX64 checked (PREfast)|Win32
		{B9940EC0-DAED-4632-86D4-36B7A7D25CB7}.WNET2K checked (PREfast)|Win32.Build.0 = WLHX64 checked (PREfast)|Win32
		{B9940EC0-DAED-4632-86D4-36B7A7D25CB7}.WNET2K checked (PREfast)|x64.ActiveCfg = WLHX64 checked (PREfast)|Win32
		{B9940EC0-DAED-4632-86D4-36B7A7D25CB7}.WNET2K checked|Win32.ActiveCfg = WLHX64 checked (PREfast)|Win32
		{B9940EC0-DAED-4632-86D4-36B7A7D25CB7}.WNET2K checked|Win32.Build.0 = WLHX64 checked (PREfast)|Win32
		{B9940EC0-DAED-4632-86D4-36B7A7D25CB7}.WNET2K checked|x64.ActiveCfg = WLHX64 checked (PREfast)|Win32
		{B9940EC0-DAED-4632-86D4-36B7A7D25CB7}.WNET2K free|Win32.ActiveCfg = WLHX64 checked (PREfast)|Win32
		{B9940EC0-DAED-4632-86D4-36B7A7D25CB7}.WNET2K free|Win32.Build.0 = WLHX64 checked (PREfast)|Win32
		{B9940EC0-DAED-4632-86D4-36B7A7D25CB7}.WNET2K free|x64.ActiveCfg = WLHX64 checked (PREfast)|Win32
		{B9940EC0-DAED-4632-86D4-36B7A7D25CB7}.WNETXP checked (PREfast)|Win32.ActiveCfg = WLHX64 checked (PREfast)|Win32
		{B9940EC0-DAED-4632-86D4-36B7A7D25CB7}.WNETXP checked (PREfast)|Win32.Build.0 = WLHX64 checked (PREfast)|Win32
		{B9940EC0-DAED-4632-86D4-36B7A7D25CB7}.WNETXP checked (PREfast)|x64.ActiveCfg = WLHX64 checked (PREfast)|Win32
		{B9940EC0-DAED-4632-86D4-36B7A7D25CB7}.WNETXP checked|Win32.ActiveCfg = WLHX64 checked (PREfast)|Win32
		{B9940EC0-DAED-4632-86D4-36B7A7D25CB7}.WNETXP checked|Win32.Build.0 = WLHX64 checked (PREfast)|Win32
		{B9940EC0-DAED-4632-86D4-36B7A7D25CB7}.WNETXP checked|x64.ActiveCfg = WLHX64 checked (PREfast)|Win32
		{B9940EC0-DAED-4632-86D4-36B7A7D25CB7}.WNETXP free|Win32.ActiveCfg = WLHX64 checked (PREfast)|Win32
		{B9940EC0-DAED-4632-86D4-36B7A7D25CB7}.WNETXP free|Win32.Build.0 = WLHX64 checked (PREfast)|Win32
		{B9940EC0-DAED-4632-86D4-36B7A7D25CB7}.WNETXP free|x64.ActiveCfg = WLHX64 checked (PREfast)|Win32
	EndGlobalSection
	GlobalSection(SolutionProperties) = preSolution
		HideSolutionNode = FALSE
	EndGlobalSection
EndGlobal
